{
	"name": "@0xflair/common",
	"version": "0.85.0",
	"lockfileVersion": 2,
	"requires": true,
	"packages": {
		"": {
			"name": "@0xflair/common",
			"version": "0.85.0",
			"dependencies": {
				"versioning": "^1.1.2"
			}
		},
		"node_modules/versioning": {
			"version": "1.1.2",
			"resolved": "https://registry.npmjs.org/versioning/-/versioning-1.1.2.tgz",
			"integrity": "sha512-LIvF/XKMprJ6ZYWBvxm1MuTZGuYqE4svbVGI1mZL7Ogyf4JLUKkuPInCi/FghPSpgqHzuBUdq/Es4ZBxkqr+vQ=="
		}
	},
	"dependencies": {
		"versioning": {
			"version": "1.1.2",
			"resolved": "https://registry.npmjs.org/versioning/-/versioning-1.1.2.tgz",
			"integrity": "sha512-LIvF/XKMprJ6ZYWBvxm1MuTZGuYqE4svbVGI1mZL7Ogyf4JLUKkuPInCi/FghPSpgqHzuBUdq/Es4ZBxkqr+vQ=="
		}
	}
}
