{
	"name": "@0xflair/contracts-registry",
	"version": "0.88.1",
	"lockfileVersion": 2,
	"requires": true,
	"packages": {
		"": {
			"name": "@0xflair/contracts-registry",
			"version": "0.88.1",
			"devDependencies": {
				"flair-contracts-v1.10": "npm:@0xflair/evm-contracts@1.10.*",
				"flair-contracts-v1.11": "npm:@0xflair/evm-contracts@1.11.*",
				"flair-contracts-v1.12": "npm:@0xflair/evm-contracts@1.12.8",
				"flair-contracts-v1.13": "npm:@0xflair/evm-contracts@1.13.*",
				"flair-contracts-v1.14": "npm:@0xflair/evm-contracts@1.14.*",
				"flair-contracts-v1.15": "npm:@0xflair/evm-contracts@1.15.*",
				"flair-contracts-v1.16": "npm:@0xflair/evm-contracts@1.16.*",
				"flair-contracts-v1.18": "npm:@0xflair/evm-contracts@1.18.*",
				"flair-contracts-v1.7": "npm:@0xflair/evm-contracts@1.7.*",
				"flair-contracts-v1.8": "npm:@0xflair/evm-contracts@1.8.*",
				"flair-contracts-v1.9": "npm:@0xflair/evm-contracts@1.9.*"
			},
			"peerDependencies": {
				"ethers": "^5.6.5"
			}
		},
		"node_modules/flair-contracts-v1.10": {
			"name": "@0xflair/evm-contracts",
			"version": "1.10.1",
			"resolved": "https://registry.npmjs.org/@0xflair/evm-contracts/-/evm-contracts-1.10.1.tgz",
			"integrity": "sha512-hTgzyQalRBfpERqNYX3amhgRkf7VSxwVFO93tlartmiLNHb94WMd3iFkANpzB8NB7wuToIl8NMxOdxQQXq8IaQ==",
			"dev": true,
			"dependencies": {
				"@manifoldxyz/royalty-registry-solidity": "^1.0.9",
				"@openzeppelin/contracts": "^4.6.0"
			}
		},
		"node_modules/flair-contracts-v1.10/node_modules/@manifoldxyz/libraries-solidity": {
			"version": "1.0.2",
			"resolved": "https://registry.npmjs.org/@manifoldxyz/libraries-solidity/-/libraries-solidity-1.0.2.tgz",
			"integrity": "sha512-qdCLBD5CicgT6UtDB1fED1kpJfgDqIB6WahtsfZ23ha/nYEBXKHJZ1urIHaIeCOdw8cTi6fMQbQWrld4V1S7dQ==",
			"dev": true,
			"dependencies": {
				"@openzeppelin/contracts": "^4.2.0",
				"@openzeppelin/contracts-upgradeable": "^4.2.0"
			}
		},
		"node_modules/flair-contracts-v1.10/node_modules/@manifoldxyz/royalty-registry-solidity": {
			"version": "1.0.9",
			"resolved": "https://registry.npmjs.org/@manifoldxyz/royalty-registry-solidity/-/royalty-registry-solidity-1.0.9.tgz",
			"integrity": "sha512-Cv38ROezkl6J8lizyPlEmPoAvLiRcO31OnWe/Jept0mNk7oygrPZrfG07OMfwphn+dOFxmszQTns7AJRQfxMBA==",
			"dev": true,
			"dependencies": {
				"@manifoldxyz/libraries-solidity": "^1.0.2",
				"@openzeppelin/contracts": "^4.3.2",
				"@openzeppelin/contracts-upgradeable": "^4.3.2"
			}
		},
		"node_modules/flair-contracts-v1.10/node_modules/@openzeppelin/contracts": {
			"version": "4.7.2",
			"resolved": "https://registry.npmjs.org/@openzeppelin/contracts/-/contracts-4.7.2.tgz",
			"integrity": "sha512-4n/JL9izql8303mPqPdubuna/DWEMbmOzWYUWyCPhjhiEr2w3nQrjE7vZz1fBF+wzzP6dZbIcsgqACk53c9FGA==",
			"dev": true
		},
		"node_modules/flair-contracts-v1.10/node_modules/@openzeppelin/contracts-upgradeable": {
			"version": "4.7.2",
			"resolved": "https://registry.npmjs.org/@openzeppelin/contracts-upgradeable/-/contracts-upgradeable-4.7.2.tgz",
			"integrity": "sha512-3dgc6qVmFch/uOmlmKnw5/v3JxwXcZD4T10/9CI1OUbX8AqjoZrBGKfxN1z3QxnIXRU/X31/BItJezJSDDTe7Q==",
			"dev": true
		},
		"node_modules/flair-contracts-v1.11": {
			"name": "@0xflair/evm-contracts",
			"version": "1.11.5",
			"resolved": "https://registry.npmjs.org/@0xflair/evm-contracts/-/evm-contracts-1.11.5.tgz",
			"integrity": "sha512-QbhTYEa3addUh+p6Zs/5YyHj0N20XLDlb+r8zc8BI58hlyprkFSEQYUu+FokHC3pz8K2u+KzCNDNXGlSZky7nw==",
			"dev": true,
			"dependencies": {
				"@manifoldxyz/royalty-registry-solidity": "^1.0.9",
				"@openzeppelin/contracts": "^4.6.0",
				"erc721a": "^4.1.0"
			}
		},
		"node_modules/flair-contracts-v1.11/node_modules/@manifoldxyz/libraries-solidity": {
			"version": "1.0.2",
			"resolved": "https://registry.npmjs.org/@manifoldxyz/libraries-solidity/-/libraries-solidity-1.0.2.tgz",
			"integrity": "sha512-qdCLBD5CicgT6UtDB1fED1kpJfgDqIB6WahtsfZ23ha/nYEBXKHJZ1urIHaIeCOdw8cTi6fMQbQWrld4V1S7dQ==",
			"dev": true,
			"dependencies": {
				"@openzeppelin/contracts": "^4.2.0",
				"@openzeppelin/contracts-upgradeable": "^4.2.0"
			}
		},
		"node_modules/flair-contracts-v1.11/node_modules/@manifoldxyz/royalty-registry-solidity": {
			"version": "1.0.9",
			"resolved": "https://registry.npmjs.org/@manifoldxyz/royalty-registry-solidity/-/royalty-registry-solidity-1.0.9.tgz",
			"integrity": "sha512-Cv38ROezkl6J8lizyPlEmPoAvLiRcO31OnWe/Jept0mNk7oygrPZrfG07OMfwphn+dOFxmszQTns7AJRQfxMBA==",
			"dev": true,
			"dependencies": {
				"@manifoldxyz/libraries-solidity": "^1.0.2",
				"@openzeppelin/contracts": "^4.3.2",
				"@openzeppelin/contracts-upgradeable": "^4.3.2"
			}
		},
		"node_modules/flair-contracts-v1.11/node_modules/@openzeppelin/contracts": {
			"version": "4.7.2",
			"resolved": "https://registry.npmjs.org/@openzeppelin/contracts/-/contracts-4.7.2.tgz",
			"integrity": "sha512-4n/JL9izql8303mPqPdubuna/DWEMbmOzWYUWyCPhjhiEr2w3nQrjE7vZz1fBF+wzzP6dZbIcsgqACk53c9FGA==",
			"dev": true
		},
		"node_modules/flair-contracts-v1.11/node_modules/@openzeppelin/contracts-upgradeable": {
			"version": "4.7.2",
			"resolved": "https://registry.npmjs.org/@openzeppelin/contracts-upgradeable/-/contracts-upgradeable-4.7.2.tgz",
			"integrity": "sha512-3dgc6qVmFch/uOmlmKnw5/v3JxwXcZD4T10/9CI1OUbX8AqjoZrBGKfxN1z3QxnIXRU/X31/BItJezJSDDTe7Q==",
			"dev": true
		},
		"node_modules/flair-contracts-v1.11/node_modules/erc721a": {
			"version": "4.2.0",
			"resolved": "https://registry.npmjs.org/erc721a/-/erc721a-4.2.0.tgz",
			"integrity": "sha512-b3MCLFMKQ+gVlRr7BUP6p4li5+ujbVZR6bSdOPtwZ6+9gAgYxXxHp0yaUPPvFpVQQVdlU8/LKQmGrrPhESGwWg==",
			"dev": true
		},
		"node_modules/flair-contracts-v1.12": {
			"name": "@0xflair/evm-contracts",
			"version": "1.12.8",
			"resolved": "https://registry.npmjs.org/@0xflair/evm-contracts/-/evm-contracts-1.12.8.tgz",
			"integrity": "sha512-oZVTtr4sT8r5YqzMc4Jgv4Y3VgTjDYcEja28rIGw8Ax1lbcXtDbtFSxq2ArDSy2HyqIK+V3CU0fTmwEO2LKMxw==",
			"dev": true,
			"dependencies": {
				"@manifoldxyz/royalty-registry-solidity": "^1.0.9",
				"@openzeppelin/contracts": "^4.6.0",
				"erc721a": "^4.1.0"
			}
		},
		"node_modules/flair-contracts-v1.12/node_modules/@manifoldxyz/libraries-solidity": {
			"version": "1.0.2",
			"resolved": "https://registry.npmjs.org/@manifoldxyz/libraries-solidity/-/libraries-solidity-1.0.2.tgz",
			"integrity": "sha512-qdCLBD5CicgT6UtDB1fED1kpJfgDqIB6WahtsfZ23ha/nYEBXKHJZ1urIHaIeCOdw8cTi6fMQbQWrld4V1S7dQ==",
			"dev": true,
			"dependencies": {
				"@openzeppelin/contracts": "^4.2.0",
				"@openzeppelin/contracts-upgradeable": "^4.2.0"
			}
		},
		"node_modules/flair-contracts-v1.12/node_modules/@manifoldxyz/royalty-registry-solidity": {
			"version": "1.0.9",
			"resolved": "https://registry.npmjs.org/@manifoldxyz/royalty-registry-solidity/-/royalty-registry-solidity-1.0.9.tgz",
			"integrity": "sha512-Cv38ROezkl6J8lizyPlEmPoAvLiRcO31OnWe/Jept0mNk7oygrPZrfG07OMfwphn+dOFxmszQTns7AJRQfxMBA==",
			"dev": true,
			"dependencies": {
				"@manifoldxyz/libraries-solidity": "^1.0.2",
				"@openzeppelin/contracts": "^4.3.2",
				"@openzeppelin/contracts-upgradeable": "^4.3.2"
			}
		},
		"node_modules/flair-contracts-v1.12/node_modules/@openzeppelin/contracts": {
			"version": "4.7.2",
			"resolved": "https://registry.npmjs.org/@openzeppelin/contracts/-/contracts-4.7.2.tgz",
			"integrity": "sha512-4n/JL9izql8303mPqPdubuna/DWEMbmOzWYUWyCPhjhiEr2w3nQrjE7vZz1fBF+wzzP6dZbIcsgqACk53c9FGA==",
			"dev": true
		},
		"node_modules/flair-contracts-v1.12/node_modules/@openzeppelin/contracts-upgradeable": {
			"version": "4.7.2",
			"resolved": "https://registry.npmjs.org/@openzeppelin/contracts-upgradeable/-/contracts-upgradeable-4.7.2.tgz",
			"integrity": "sha512-3dgc6qVmFch/uOmlmKnw5/v3JxwXcZD4T10/9CI1OUbX8AqjoZrBGKfxN1z3QxnIXRU/X31/BItJezJSDDTe7Q==",
			"dev": true
		},
		"node_modules/flair-contracts-v1.12/node_modules/erc721a": {
			"version": "4.2.0",
			"resolved": "https://registry.npmjs.org/erc721a/-/erc721a-4.2.0.tgz",
			"integrity": "sha512-b3MCLFMKQ+gVlRr7BUP6p4li5+ujbVZR6bSdOPtwZ6+9gAgYxXxHp0yaUPPvFpVQQVdlU8/LKQmGrrPhESGwWg==",
			"dev": true
		},
		"node_modules/flair-contracts-v1.13": {
			"name": "@0xflair/evm-contracts",
			"version": "1.13.1",
			"resolved": "https://registry.npmjs.org/@0xflair/evm-contracts/-/evm-contracts-1.13.1.tgz",
			"integrity": "sha512-LXSWNESqlh/+/ORufVckGR3R9WCvcnnSjnSe4KARp4DoenFQO+UccpESOUFFq3DOp4BcZa9AuQxteXlXu/ibzw==",
			"dev": true,
			"dependencies": {
				"@manifoldxyz/royalty-registry-solidity": "^1.0.9",
				"@openzeppelin/contracts": "^4.6.0",
				"erc721a": "^4.1.0"
			}
		},
		"node_modules/flair-contracts-v1.13/node_modules/@manifoldxyz/libraries-solidity": {
			"version": "1.0.2",
			"resolved": "https://registry.npmjs.org/@manifoldxyz/libraries-solidity/-/libraries-solidity-1.0.2.tgz",
			"integrity": "sha512-qdCLBD5CicgT6UtDB1fED1kpJfgDqIB6WahtsfZ23ha/nYEBXKHJZ1urIHaIeCOdw8cTi6fMQbQWrld4V1S7dQ==",
			"dev": true,
			"dependencies": {
				"@openzeppelin/contracts": "^4.2.0",
				"@openzeppelin/contracts-upgradeable": "^4.2.0"
			}
		},
		"node_modules/flair-contracts-v1.13/node_modules/@manifoldxyz/royalty-registry-solidity": {
			"version": "1.0.9",
			"resolved": "https://registry.npmjs.org/@manifoldxyz/royalty-registry-solidity/-/royalty-registry-solidity-1.0.9.tgz",
			"integrity": "sha512-Cv38ROezkl6J8lizyPlEmPoAvLiRcO31OnWe/Jept0mNk7oygrPZrfG07OMfwphn+dOFxmszQTns7AJRQfxMBA==",
			"dev": true,
			"dependencies": {
				"@manifoldxyz/libraries-solidity": "^1.0.2",
				"@openzeppelin/contracts": "^4.3.2",
				"@openzeppelin/contracts-upgradeable": "^4.3.2"
			}
		},
		"node_modules/flair-contracts-v1.13/node_modules/@openzeppelin/contracts": {
			"version": "4.7.2",
			"resolved": "https://registry.npmjs.org/@openzeppelin/contracts/-/contracts-4.7.2.tgz",
			"integrity": "sha512-4n/JL9izql8303mPqPdubuna/DWEMbmOzWYUWyCPhjhiEr2w3nQrjE7vZz1fBF+wzzP6dZbIcsgqACk53c9FGA==",
			"dev": true
		},
		"node_modules/flair-contracts-v1.13/node_modules/@openzeppelin/contracts-upgradeable": {
			"version": "4.7.2",
			"resolved": "https://registry.npmjs.org/@openzeppelin/contracts-upgradeable/-/contracts-upgradeable-4.7.2.tgz",
			"integrity": "sha512-3dgc6qVmFch/uOmlmKnw5/v3JxwXcZD4T10/9CI1OUbX8AqjoZrBGKfxN1z3QxnIXRU/X31/BItJezJSDDTe7Q==",
			"dev": true
		},
		"node_modules/flair-contracts-v1.13/node_modules/erc721a": {
			"version": "4.2.0",
			"resolved": "https://registry.npmjs.org/erc721a/-/erc721a-4.2.0.tgz",
			"integrity": "sha512-b3MCLFMKQ+gVlRr7BUP6p4li5+ujbVZR6bSdOPtwZ6+9gAgYxXxHp0yaUPPvFpVQQVdlU8/LKQmGrrPhESGwWg==",
			"dev": true
		},
		"node_modules/flair-contracts-v1.14": {
			"name": "@0xflair/evm-contracts",
			"version": "1.14.0",
			"resolved": "https://registry.npmjs.org/@0xflair/evm-contracts/-/evm-contracts-1.14.0.tgz",
			"integrity": "sha512-B45+voNFTXfvy/beC2zGrM95rNdYEYessH4rdaBMQNPv3tP1Ek+fQQTbGMHxOcW8Ko1I526D6W4+6pqzNfI2Vg==",
			"dev": true,
			"dependencies": {
				"@manifoldxyz/royalty-registry-solidity": "^1.0.9",
				"@openzeppelin/contracts": "^4.6.0",
				"erc721a": "^4.1.0"
			}
		},
		"node_modules/flair-contracts-v1.14/node_modules/@manifoldxyz/libraries-solidity": {
			"version": "1.0.2",
			"resolved": "https://registry.npmjs.org/@manifoldxyz/libraries-solidity/-/libraries-solidity-1.0.2.tgz",
			"integrity": "sha512-qdCLBD5CicgT6UtDB1fED1kpJfgDqIB6WahtsfZ23ha/nYEBXKHJZ1urIHaIeCOdw8cTi6fMQbQWrld4V1S7dQ==",
			"dev": true,
			"dependencies": {
				"@openzeppelin/contracts": "^4.2.0",
				"@openzeppelin/contracts-upgradeable": "^4.2.0"
			}
		},
		"node_modules/flair-contracts-v1.14/node_modules/@manifoldxyz/royalty-registry-solidity": {
			"version": "1.0.9",
			"resolved": "https://registry.npmjs.org/@manifoldxyz/royalty-registry-solidity/-/royalty-registry-solidity-1.0.9.tgz",
			"integrity": "sha512-Cv38ROezkl6J8lizyPlEmPoAvLiRcO31OnWe/Jept0mNk7oygrPZrfG07OMfwphn+dOFxmszQTns7AJRQfxMBA==",
			"dev": true,
			"dependencies": {
				"@manifoldxyz/libraries-solidity": "^1.0.2",
				"@openzeppelin/contracts": "^4.3.2",
				"@openzeppelin/contracts-upgradeable": "^4.3.2"
			}
		},
		"node_modules/flair-contracts-v1.14/node_modules/@openzeppelin/contracts": {
			"version": "4.7.2",
			"resolved": "https://registry.npmjs.org/@openzeppelin/contracts/-/contracts-4.7.2.tgz",
			"integrity": "sha512-4n/JL9izql8303mPqPdubuna/DWEMbmOzWYUWyCPhjhiEr2w3nQrjE7vZz1fBF+wzzP6dZbIcsgqACk53c9FGA==",
			"dev": true
		},
		"node_modules/flair-contracts-v1.14/node_modules/@openzeppelin/contracts-upgradeable": {
			"version": "4.7.2",
			"resolved": "https://registry.npmjs.org/@openzeppelin/contracts-upgradeable/-/contracts-upgradeable-4.7.2.tgz",
			"integrity": "sha512-3dgc6qVmFch/uOmlmKnw5/v3JxwXcZD4T10/9CI1OUbX8AqjoZrBGKfxN1z3QxnIXRU/X31/BItJezJSDDTe7Q==",
			"dev": true
		},
		"node_modules/flair-contracts-v1.14/node_modules/erc721a": {
			"version": "4.2.0",
			"resolved": "https://registry.npmjs.org/erc721a/-/erc721a-4.2.0.tgz",
			"integrity": "sha512-b3MCLFMKQ+gVlRr7BUP6p4li5+ujbVZR6bSdOPtwZ6+9gAgYxXxHp0yaUPPvFpVQQVdlU8/LKQmGrrPhESGwWg==",
			"dev": true
		},
		"node_modules/flair-contracts-v1.15": {
			"name": "@0xflair/evm-contracts",
			"version": "1.15.1",
			"resolved": "https://registry.npmjs.org/@0xflair/evm-contracts/-/evm-contracts-1.15.1.tgz",
			"integrity": "sha512-puMs2Lf+1mK/NnE7SvTzBUgeUjoj7GJy1M4W8dY/QRVobupMkeJhTSnYcAsimZtb7U3Q6I1sL/DM6OW7LgphTA==",
			"dev": true,
			"dependencies": {
				"@manifoldxyz/royalty-registry-solidity": "^1.0.9",
				"@openzeppelin/contracts": "^4.6.0",
				"erc721a": "^4.1.0"
			}
		},
		"node_modules/flair-contracts-v1.15/node_modules/@manifoldxyz/libraries-solidity": {
			"version": "1.0.2",
			"resolved": "https://registry.npmjs.org/@manifoldxyz/libraries-solidity/-/libraries-solidity-1.0.2.tgz",
			"integrity": "sha512-qdCLBD5CicgT6UtDB1fED1kpJfgDqIB6WahtsfZ23ha/nYEBXKHJZ1urIHaIeCOdw8cTi6fMQbQWrld4V1S7dQ==",
			"dev": true,
			"dependencies": {
				"@openzeppelin/contracts": "^4.2.0",
				"@openzeppelin/contracts-upgradeable": "^4.2.0"
			}
		},
		"node_modules/flair-contracts-v1.15/node_modules/@manifoldxyz/royalty-registry-solidity": {
			"version": "1.0.9",
			"resolved": "https://registry.npmjs.org/@manifoldxyz/royalty-registry-solidity/-/royalty-registry-solidity-1.0.9.tgz",
			"integrity": "sha512-Cv38ROezkl6J8lizyPlEmPoAvLiRcO31OnWe/Jept0mNk7oygrPZrfG07OMfwphn+dOFxmszQTns7AJRQfxMBA==",
			"dev": true,
			"dependencies": {
				"@manifoldxyz/libraries-solidity": "^1.0.2",
				"@openzeppelin/contracts": "^4.3.2",
				"@openzeppelin/contracts-upgradeable": "^4.3.2"
			}
		},
		"node_modules/flair-contracts-v1.15/node_modules/@openzeppelin/contracts": {
			"version": "4.7.2",
			"resolved": "https://registry.npmjs.org/@openzeppelin/contracts/-/contracts-4.7.2.tgz",
			"integrity": "sha512-4n/JL9izql8303mPqPdubuna/DWEMbmOzWYUWyCPhjhiEr2w3nQrjE7vZz1fBF+wzzP6dZbIcsgqACk53c9FGA==",
			"dev": true
		},
		"node_modules/flair-contracts-v1.15/node_modules/@openzeppelin/contracts-upgradeable": {
			"version": "4.7.2",
			"resolved": "https://registry.npmjs.org/@openzeppelin/contracts-upgradeable/-/contracts-upgradeable-4.7.2.tgz",
			"integrity": "sha512-3dgc6qVmFch/uOmlmKnw5/v3JxwXcZD4T10/9CI1OUbX8AqjoZrBGKfxN1z3QxnIXRU/X31/BItJezJSDDTe7Q==",
			"dev": true
		},
		"node_modules/flair-contracts-v1.15/node_modules/erc721a": {
			"version": "4.2.0",
			"resolved": "https://registry.npmjs.org/erc721a/-/erc721a-4.2.0.tgz",
			"integrity": "sha512-b3MCLFMKQ+gVlRr7BUP6p4li5+ujbVZR6bSdOPtwZ6+9gAgYxXxHp0yaUPPvFpVQQVdlU8/LKQmGrrPhESGwWg==",
			"dev": true
		},
		"node_modules/flair-contracts-v1.16": {
			"name": "@0xflair/evm-contracts",
			"version": "1.16.14",
			"resolved": "https://registry.npmjs.org/@0xflair/evm-contracts/-/evm-contracts-1.16.14.tgz",
			"integrity": "sha512-1e0sIivCWEpagT59wiRLEiyEuViQz/0SBFTxcwWyUUzS75+5qRHDQ9vdlH3/95fBtWA04L+Nbr1i/OaFPUXwxw==",
			"dev": true,
			"dependencies": {
				"@manifoldxyz/royalty-registry-solidity": "^1.0.9",
				"@openzeppelin/contracts": "^4.6.0",
				"erc721a": "^4.1.0"
			}
		},
		"node_modules/flair-contracts-v1.16/node_modules/@manifoldxyz/libraries-solidity": {
			"version": "1.0.2",
			"resolved": "https://registry.npmjs.org/@manifoldxyz/libraries-solidity/-/libraries-solidity-1.0.2.tgz",
			"integrity": "sha512-qdCLBD5CicgT6UtDB1fED1kpJfgDqIB6WahtsfZ23ha/nYEBXKHJZ1urIHaIeCOdw8cTi6fMQbQWrld4V1S7dQ==",
			"dev": true,
			"dependencies": {
				"@openzeppelin/contracts": "^4.2.0",
				"@openzeppelin/contracts-upgradeable": "^4.2.0"
			}
		},
		"node_modules/flair-contracts-v1.16/node_modules/@manifoldxyz/royalty-registry-solidity": {
			"version": "1.0.9",
			"resolved": "https://registry.npmjs.org/@manifoldxyz/royalty-registry-solidity/-/royalty-registry-solidity-1.0.9.tgz",
			"integrity": "sha512-Cv38ROezkl6J8lizyPlEmPoAvLiRcO31OnWe/Jept0mNk7oygrPZrfG07OMfwphn+dOFxmszQTns7AJRQfxMBA==",
			"dev": true,
			"dependencies": {
				"@manifoldxyz/libraries-solidity": "^1.0.2",
				"@openzeppelin/contracts": "^4.3.2",
				"@openzeppelin/contracts-upgradeable": "^4.3.2"
			}
		},
		"node_modules/flair-contracts-v1.16/node_modules/@openzeppelin/contracts": {
			"version": "4.7.2",
			"resolved": "https://registry.npmjs.org/@openzeppelin/contracts/-/contracts-4.7.2.tgz",
			"integrity": "sha512-4n/JL9izql8303mPqPdubuna/DWEMbmOzWYUWyCPhjhiEr2w3nQrjE7vZz1fBF+wzzP6dZbIcsgqACk53c9FGA==",
			"dev": true
		},
		"node_modules/flair-contracts-v1.16/node_modules/@openzeppelin/contracts-upgradeable": {
			"version": "4.7.2",
			"resolved": "https://registry.npmjs.org/@openzeppelin/contracts-upgradeable/-/contracts-upgradeable-4.7.2.tgz",
			"integrity": "sha512-3dgc6qVmFch/uOmlmKnw5/v3JxwXcZD4T10/9CI1OUbX8AqjoZrBGKfxN1z3QxnIXRU/X31/BItJezJSDDTe7Q==",
			"dev": true
		},
		"node_modules/flair-contracts-v1.16/node_modules/erc721a": {
			"version": "4.2.0",
			"resolved": "https://registry.npmjs.org/erc721a/-/erc721a-4.2.0.tgz",
			"integrity": "sha512-b3MCLFMKQ+gVlRr7BUP6p4li5+ujbVZR6bSdOPtwZ6+9gAgYxXxHp0yaUPPvFpVQQVdlU8/LKQmGrrPhESGwWg==",
			"dev": true
		},
		"node_modules/flair-contracts-v1.18": {
			"name": "@0xflair/evm-contracts",
			"version": "1.18.8",
			"resolved": "https://registry.npmjs.org/@0xflair/evm-contracts/-/evm-contracts-1.18.8.tgz",
			"integrity": "sha512-t+6mII5ofFC2HDMnuNPF4DLNecRX2kvUxvImnCjcAk7i5i5x5ovJbNNFseUPE9YPNeExfaZ5fiSI0faUztYR3Q==",
			"dev": true,
			"dependencies": {
				"@manifoldxyz/royalty-registry-solidity": "^1.0.9",
				"@openzeppelin/contracts": "^4.6.0",
				"erc721a": "^4.1.0"
			}
		},
		"node_modules/flair-contracts-v1.18/node_modules/@manifoldxyz/libraries-solidity": {
			"version": "1.0.2",
			"resolved": "https://registry.npmjs.org/@manifoldxyz/libraries-solidity/-/libraries-solidity-1.0.2.tgz",
			"integrity": "sha512-qdCLBD5CicgT6UtDB1fED1kpJfgDqIB6WahtsfZ23ha/nYEBXKHJZ1urIHaIeCOdw8cTi6fMQbQWrld4V1S7dQ==",
			"dev": true,
			"dependencies": {
				"@openzeppelin/contracts": "^4.2.0",
				"@openzeppelin/contracts-upgradeable": "^4.2.0"
			}
		},
		"node_modules/flair-contracts-v1.18/node_modules/@manifoldxyz/royalty-registry-solidity": {
			"version": "1.0.9",
			"resolved": "https://registry.npmjs.org/@manifoldxyz/royalty-registry-solidity/-/royalty-registry-solidity-1.0.9.tgz",
			"integrity": "sha512-Cv38ROezkl6J8lizyPlEmPoAvLiRcO31OnWe/Jept0mNk7oygrPZrfG07OMfwphn+dOFxmszQTns7AJRQfxMBA==",
			"dev": true,
			"dependencies": {
				"@manifoldxyz/libraries-solidity": "^1.0.2",
				"@openzeppelin/contracts": "^4.3.2",
				"@openzeppelin/contracts-upgradeable": "^4.3.2"
			}
		},
		"node_modules/flair-contracts-v1.18/node_modules/@openzeppelin/contracts": {
			"version": "4.7.2",
			"resolved": "https://registry.npmjs.org/@openzeppelin/contracts/-/contracts-4.7.2.tgz",
			"integrity": "sha512-4n/JL9izql8303mPqPdubuna/DWEMbmOzWYUWyCPhjhiEr2w3nQrjE7vZz1fBF+wzzP6dZbIcsgqACk53c9FGA==",
			"dev": true
		},
		"node_modules/flair-contracts-v1.18/node_modules/@openzeppelin/contracts-upgradeable": {
			"version": "4.7.2",
			"resolved": "https://registry.npmjs.org/@openzeppelin/contracts-upgradeable/-/contracts-upgradeable-4.7.2.tgz",
			"integrity": "sha512-3dgc6qVmFch/uOmlmKnw5/v3JxwXcZD4T10/9CI1OUbX8AqjoZrBGKfxN1z3QxnIXRU/X31/BItJezJSDDTe7Q==",
			"dev": true
		},
		"node_modules/flair-contracts-v1.18/node_modules/erc721a": {
			"version": "4.2.0",
			"resolved": "https://registry.npmjs.org/erc721a/-/erc721a-4.2.0.tgz",
			"integrity": "sha512-b3MCLFMKQ+gVlRr7BUP6p4li5+ujbVZR6bSdOPtwZ6+9gAgYxXxHp0yaUPPvFpVQQVdlU8/LKQmGrrPhESGwWg==",
			"dev": true
		},
		"node_modules/flair-contracts-v1.7": {
			"name": "@0xflair/evm-contracts",
			"version": "1.7.7",
			"resolved": "https://registry.npmjs.org/@0xflair/evm-contracts/-/evm-contracts-1.7.7.tgz",
			"integrity": "sha512-HfllJeHuCEPqBPUg86kMJHbe1dBnlXQwQ35030ITvj2Tqa2iuT+buDDRhTY1Xip4RdFvev/TF8NFZ/8yHKSIXg==",
			"dev": true
		},
		"node_modules/flair-contracts-v1.8": {
			"name": "@0xflair/evm-contracts",
			"version": "1.8.12",
			"resolved": "https://registry.npmjs.org/@0xflair/evm-contracts/-/evm-contracts-1.8.12.tgz",
			"integrity": "sha512-4RXPfn4P1VWrhMcmKR8QdPGT+sNB02vfvtslK5BZZNQD7H2eNyEf4nO4vEFUsDCxtWIvswfQthtj9QKK8FsNZg==",
			"dev": true
		},
		"node_modules/flair-contracts-v1.9": {
			"name": "@0xflair/evm-contracts",
			"version": "1.9.2",
			"resolved": "https://registry.npmjs.org/@0xflair/evm-contracts/-/evm-contracts-1.9.2.tgz",
			"integrity": "sha512-YKzROfFdO+dHklrTIV9YABL/CiyUu5oksICgqfetGv2i/a5Hkb8+VaY6+I4fW5e+FbgXDxKDTU/TL27cQbNG5Q==",
			"dev": true,
			"dependencies": {
				"@manifoldxyz/royalty-registry-solidity": "^1.0.9",
				"@openzeppelin/contracts": "^4.6.0"
			}
		},
		"node_modules/flair-contracts-v1.9/node_modules/@manifoldxyz/libraries-solidity": {
			"version": "1.0.2",
			"resolved": "https://registry.npmjs.org/@manifoldxyz/libraries-solidity/-/libraries-solidity-1.0.2.tgz",
			"integrity": "sha512-qdCLBD5CicgT6UtDB1fED1kpJfgDqIB6WahtsfZ23ha/nYEBXKHJZ1urIHaIeCOdw8cTi6fMQbQWrld4V1S7dQ==",
			"dev": true,
			"dependencies": {
				"@openzeppelin/contracts": "^4.2.0",
				"@openzeppelin/contracts-upgradeable": "^4.2.0"
			}
		},
		"node_modules/flair-contracts-v1.9/node_modules/@manifoldxyz/royalty-registry-solidity": {
			"version": "1.0.9",
			"resolved": "https://registry.npmjs.org/@manifoldxyz/royalty-registry-solidity/-/royalty-registry-solidity-1.0.9.tgz",
			"integrity": "sha512-Cv38ROezkl6J8lizyPlEmPoAvLiRcO31OnWe/Jept0mNk7oygrPZrfG07OMfwphn+dOFxmszQTns7AJRQfxMBA==",
			"dev": true,
			"dependencies": {
				"@manifoldxyz/libraries-solidity": "^1.0.2",
				"@openzeppelin/contracts": "^4.3.2",
				"@openzeppelin/contracts-upgradeable": "^4.3.2"
			}
		},
		"node_modules/flair-contracts-v1.9/node_modules/@openzeppelin/contracts": {
			"version": "4.7.2",
			"resolved": "https://registry.npmjs.org/@openzeppelin/contracts/-/contracts-4.7.2.tgz",
			"integrity": "sha512-4n/JL9izql8303mPqPdubuna/DWEMbmOzWYUWyCPhjhiEr2w3nQrjE7vZz1fBF+wzzP6dZbIcsgqACk53c9FGA==",
			"dev": true
		},
		"node_modules/flair-contracts-v1.9/node_modules/@openzeppelin/contracts-upgradeable": {
			"version": "4.7.2",
			"resolved": "https://registry.npmjs.org/@openzeppelin/contracts-upgradeable/-/contracts-upgradeable-4.7.2.tgz",
			"integrity": "sha512-3dgc6qVmFch/uOmlmKnw5/v3JxwXcZD4T10/9CI1OUbX8AqjoZrBGKfxN1z3QxnIXRU/X31/BItJezJSDDTe7Q==",
			"dev": true
		}
	},
	"dependencies": {
		"flair-contracts-v1.10": {
			"version": "npm:@0xflair/evm-contracts@1.10.1",
			"resolved": "https://registry.npmjs.org/@0xflair/evm-contracts/-/evm-contracts-1.10.1.tgz",
			"integrity": "sha512-hTgzyQalRBfpERqNYX3amhgRkf7VSxwVFO93tlartmiLNHb94WMd3iFkANpzB8NB7wuToIl8NMxOdxQQXq8IaQ==",
			"dev": true,
			"requires": {
				"@manifoldxyz/royalty-registry-solidity": "^1.0.9",
				"@openzeppelin/contracts": "^4.6.0"
			},
			"dependencies": {
				"@manifoldxyz/libraries-solidity": {
					"version": "1.0.2",
					"resolved": "https://registry.npmjs.org/@manifoldxyz/libraries-solidity/-/libraries-solidity-1.0.2.tgz",
					"integrity": "sha512-qdCLBD5CicgT6UtDB1fED1kpJfgDqIB6WahtsfZ23ha/nYEBXKHJZ1urIHaIeCOdw8cTi6fMQbQWrld4V1S7dQ==",
					"dev": true,
					"requires": {
						"@openzeppelin/contracts": "^4.2.0",
						"@openzeppelin/contracts-upgradeable": "^4.2.0"
					}
				},
				"@manifoldxyz/royalty-registry-solidity": {
					"version": "1.0.9",
					"resolved": "https://registry.npmjs.org/@manifoldxyz/royalty-registry-solidity/-/royalty-registry-solidity-1.0.9.tgz",
					"integrity": "sha512-Cv38ROezkl6J8lizyPlEmPoAvLiRcO31OnWe/Jept0mNk7oygrPZrfG07OMfwphn+dOFxmszQTns7AJRQfxMBA==",
					"dev": true,
					"requires": {
						"@manifoldxyz/libraries-solidity": "^1.0.2",
						"@openzeppelin/contracts": "^4.3.2",
						"@openzeppelin/contracts-upgradeable": "^4.3.2"
					}
				},
				"@openzeppelin/contracts": {
					"version": "4.7.2",
					"resolved": "https://registry.npmjs.org/@openzeppelin/contracts/-/contracts-4.7.2.tgz",
					"integrity": "sha512-4n/JL9izql8303mPqPdubuna/DWEMbmOzWYUWyCPhjhiEr2w3nQrjE7vZz1fBF+wzzP6dZbIcsgqACk53c9FGA==",
					"dev": true
				},
				"@openzeppelin/contracts-upgradeable": {
					"version": "4.7.2",
					"resolved": "https://registry.npmjs.org/@openzeppelin/contracts-upgradeable/-/contracts-upgradeable-4.7.2.tgz",
					"integrity": "sha512-3dgc6qVmFch/uOmlmKnw5/v3JxwXcZD4T10/9CI1OUbX8AqjoZrBGKfxN1z3QxnIXRU/X31/BItJezJSDDTe7Q==",
					"dev": true
				}
			}
		},
		"flair-contracts-v1.11": {
			"version": "npm:@0xflair/evm-contracts@1.11.5",
			"resolved": "https://registry.npmjs.org/@0xflair/evm-contracts/-/evm-contracts-1.11.5.tgz",
			"integrity": "sha512-QbhTYEa3addUh+p6Zs/5YyHj0N20XLDlb+r8zc8BI58hlyprkFSEQYUu+FokHC3pz8K2u+KzCNDNXGlSZky7nw==",
			"dev": true,
			"requires": {
				"@manifoldxyz/royalty-registry-solidity": "^1.0.9",
				"@openzeppelin/contracts": "^4.6.0",
				"erc721a": "^4.1.0"
			},
			"dependencies": {
				"@manifoldxyz/libraries-solidity": {
					"version": "1.0.2",
					"resolved": "https://registry.npmjs.org/@manifoldxyz/libraries-solidity/-/libraries-solidity-1.0.2.tgz",
					"integrity": "sha512-qdCLBD5CicgT6UtDB1fED1kpJfgDqIB6WahtsfZ23ha/nYEBXKHJZ1urIHaIeCOdw8cTi6fMQbQWrld4V1S7dQ==",
					"dev": true,
					"requires": {
						"@openzeppelin/contracts": "^4.2.0",
						"@openzeppelin/contracts-upgradeable": "^4.2.0"
					}
				},
				"@manifoldxyz/royalty-registry-solidity": {
					"version": "1.0.9",
					"resolved": "https://registry.npmjs.org/@manifoldxyz/royalty-registry-solidity/-/royalty-registry-solidity-1.0.9.tgz",
					"integrity": "sha512-Cv38ROezkl6J8lizyPlEmPoAvLiRcO31OnWe/Jept0mNk7oygrPZrfG07OMfwphn+dOFxmszQTns7AJRQfxMBA==",
					"dev": true,
					"requires": {
						"@manifoldxyz/libraries-solidity": "^1.0.2",
						"@openzeppelin/contracts": "^4.3.2",
						"@openzeppelin/contracts-upgradeable": "^4.3.2"
					}
				},
				"@openzeppelin/contracts": {
					"version": "4.7.2",
					"resolved": "https://registry.npmjs.org/@openzeppelin/contracts/-/contracts-4.7.2.tgz",
					"integrity": "sha512-4n/JL9izql8303mPqPdubuna/DWEMbmOzWYUWyCPhjhiEr2w3nQrjE7vZz1fBF+wzzP6dZbIcsgqACk53c9FGA==",
					"dev": true
				},
				"@openzeppelin/contracts-upgradeable": {
					"version": "4.7.2",
					"resolved": "https://registry.npmjs.org/@openzeppelin/contracts-upgradeable/-/contracts-upgradeable-4.7.2.tgz",
					"integrity": "sha512-3dgc6qVmFch/uOmlmKnw5/v3JxwXcZD4T10/9CI1OUbX8AqjoZrBGKfxN1z3QxnIXRU/X31/BItJezJSDDTe7Q==",
					"dev": true
				},
				"erc721a": {
					"version": "4.2.0",
					"resolved": "https://registry.npmjs.org/erc721a/-/erc721a-4.2.0.tgz",
					"integrity": "sha512-b3MCLFMKQ+gVlRr7BUP6p4li5+ujbVZR6bSdOPtwZ6+9gAgYxXxHp0yaUPPvFpVQQVdlU8/LKQmGrrPhESGwWg==",
					"dev": true
				}
			}
		},
		"flair-contracts-v1.12": {
			"version": "npm:@0xflair/evm-contracts@1.12.8",
			"resolved": "https://registry.npmjs.org/@0xflair/evm-contracts/-/evm-contracts-1.12.8.tgz",
			"integrity": "sha512-oZVTtr4sT8r5YqzMc4Jgv4Y3VgTjDYcEja28rIGw8Ax1lbcXtDbtFSxq2ArDSy2HyqIK+V3CU0fTmwEO2LKMxw==",
			"dev": true,
			"requires": {
				"@manifoldxyz/royalty-registry-solidity": "^1.0.9",
				"@openzeppelin/contracts": "^4.6.0",
				"erc721a": "^4.1.0"
			},
			"dependencies": {
				"@manifoldxyz/libraries-solidity": {
					"version": "1.0.2",
					"resolved": "https://registry.npmjs.org/@manifoldxyz/libraries-solidity/-/libraries-solidity-1.0.2.tgz",
					"integrity": "sha512-qdCLBD5CicgT6UtDB1fED1kpJfgDqIB6WahtsfZ23ha/nYEBXKHJZ1urIHaIeCOdw8cTi6fMQbQWrld4V1S7dQ==",
					"dev": true,
					"requires": {
						"@openzeppelin/contracts": "^4.2.0",
						"@openzeppelin/contracts-upgradeable": "^4.2.0"
					}
				},
				"@manifoldxyz/royalty-registry-solidity": {
					"version": "1.0.9",
					"resolved": "https://registry.npmjs.org/@manifoldxyz/royalty-registry-solidity/-/royalty-registry-solidity-1.0.9.tgz",
					"integrity": "sha512-Cv38ROezkl6J8lizyPlEmPoAvLiRcO31OnWe/Jept0mNk7oygrPZrfG07OMfwphn+dOFxmszQTns7AJRQfxMBA==",
					"dev": true,
					"requires": {
						"@manifoldxyz/libraries-solidity": "^1.0.2",
						"@openzeppelin/contracts": "^4.3.2",
						"@openzeppelin/contracts-upgradeable": "^4.3.2"
					}
				},
				"@openzeppelin/contracts": {
					"version": "4.7.2",
					"resolved": "https://registry.npmjs.org/@openzeppelin/contracts/-/contracts-4.7.2.tgz",
					"integrity": "sha512-4n/JL9izql8303mPqPdubuna/DWEMbmOzWYUWyCPhjhiEr2w3nQrjE7vZz1fBF+wzzP6dZbIcsgqACk53c9FGA==",
					"dev": true
				},
				"@openzeppelin/contracts-upgradeable": {
					"version": "4.7.2",
					"resolved": "https://registry.npmjs.org/@openzeppelin/contracts-upgradeable/-/contracts-upgradeable-4.7.2.tgz",
					"integrity": "sha512-3dgc6qVmFch/uOmlmKnw5/v3JxwXcZD4T10/9CI1OUbX8AqjoZrBGKfxN1z3QxnIXRU/X31/BItJezJSDDTe7Q==",
					"dev": true
				},
				"erc721a": {
					"version": "4.2.0",
					"resolved": "https://registry.npmjs.org/erc721a/-/erc721a-4.2.0.tgz",
					"integrity": "sha512-b3MCLFMKQ+gVlRr7BUP6p4li5+ujbVZR6bSdOPtwZ6+9gAgYxXxHp0yaUPPvFpVQQVdlU8/LKQmGrrPhESGwWg==",
					"dev": true
				}
			}
		},
		"flair-contracts-v1.13": {
			"version": "npm:@0xflair/evm-contracts@1.13.1",
			"resolved": "https://registry.npmjs.org/@0xflair/evm-contracts/-/evm-contracts-1.13.1.tgz",
			"integrity": "sha512-LXSWNESqlh/+/ORufVckGR3R9WCvcnnSjnSe4KARp4DoenFQO+UccpESOUFFq3DOp4BcZa9AuQxteXlXu/ibzw==",
			"dev": true,
			"requires": {
				"@manifoldxyz/royalty-registry-solidity": "^1.0.9",
				"@openzeppelin/contracts": "^4.6.0",
				"erc721a": "^4.1.0"
			},
			"dependencies": {
				"@manifoldxyz/libraries-solidity": {
					"version": "1.0.2",
					"resolved": "https://registry.npmjs.org/@manifoldxyz/libraries-solidity/-/libraries-solidity-1.0.2.tgz",
					"integrity": "sha512-qdCLBD5CicgT6UtDB1fED1kpJfgDqIB6WahtsfZ23ha/nYEBXKHJZ1urIHaIeCOdw8cTi6fMQbQWrld4V1S7dQ==",
					"dev": true,
					"requires": {
						"@openzeppelin/contracts": "^4.2.0",
						"@openzeppelin/contracts-upgradeable": "^4.2.0"
					}
				},
				"@manifoldxyz/royalty-registry-solidity": {
					"version": "1.0.9",
					"resolved": "https://registry.npmjs.org/@manifoldxyz/royalty-registry-solidity/-/royalty-registry-solidity-1.0.9.tgz",
					"integrity": "sha512-Cv38ROezkl6J8lizyPlEmPoAvLiRcO31OnWe/Jept0mNk7oygrPZrfG07OMfwphn+dOFxmszQTns7AJRQfxMBA==",
					"dev": true,
					"requires": {
						"@manifoldxyz/libraries-solidity": "^1.0.2",
						"@openzeppelin/contracts": "^4.3.2",
						"@openzeppelin/contracts-upgradeable": "^4.3.2"
					}
				},
				"@openzeppelin/contracts": {
					"version": "4.7.2",
					"resolved": "https://registry.npmjs.org/@openzeppelin/contracts/-/contracts-4.7.2.tgz",
					"integrity": "sha512-4n/JL9izql8303mPqPdubuna/DWEMbmOzWYUWyCPhjhiEr2w3nQrjE7vZz1fBF+wzzP6dZbIcsgqACk53c9FGA==",
					"dev": true
				},
				"@openzeppelin/contracts-upgradeable": {
					"version": "4.7.2",
					"resolved": "https://registry.npmjs.org/@openzeppelin/contracts-upgradeable/-/contracts-upgradeable-4.7.2.tgz",
					"integrity": "sha512-3dgc6qVmFch/uOmlmKnw5/v3JxwXcZD4T10/9CI1OUbX8AqjoZrBGKfxN1z3QxnIXRU/X31/BItJezJSDDTe7Q==",
					"dev": true
				},
				"erc721a": {
					"version": "4.2.0",
					"resolved": "https://registry.npmjs.org/erc721a/-/erc721a-4.2.0.tgz",
					"integrity": "sha512-b3MCLFMKQ+gVlRr7BUP6p4li5+ujbVZR6bSdOPtwZ6+9gAgYxXxHp0yaUPPvFpVQQVdlU8/LKQmGrrPhESGwWg==",
					"dev": true
				}
			}
		},
		"flair-contracts-v1.14": {
			"version": "npm:@0xflair/evm-contracts@1.14.0",
			"resolved": "https://registry.npmjs.org/@0xflair/evm-contracts/-/evm-contracts-1.14.0.tgz",
			"integrity": "sha512-B45+voNFTXfvy/beC2zGrM95rNdYEYessH4rdaBMQNPv3tP1Ek+fQQTbGMHxOcW8Ko1I526D6W4+6pqzNfI2Vg==",
			"dev": true,
			"requires": {
				"@manifoldxyz/royalty-registry-solidity": "^1.0.9",
				"@openzeppelin/contracts": "^4.6.0",
				"erc721a": "^4.1.0"
			},
			"dependencies": {
				"@manifoldxyz/libraries-solidity": {
					"version": "1.0.2",
					"resolved": "https://registry.npmjs.org/@manifoldxyz/libraries-solidity/-/libraries-solidity-1.0.2.tgz",
					"integrity": "sha512-qdCLBD5CicgT6UtDB1fED1kpJfgDqIB6WahtsfZ23ha/nYEBXKHJZ1urIHaIeCOdw8cTi6fMQbQWrld4V1S7dQ==",
					"dev": true,
					"requires": {
						"@openzeppelin/contracts": "^4.2.0",
						"@openzeppelin/contracts-upgradeable": "^4.2.0"
					}
				},
				"@manifoldxyz/royalty-registry-solidity": {
					"version": "1.0.9",
					"resolved": "https://registry.npmjs.org/@manifoldxyz/royalty-registry-solidity/-/royalty-registry-solidity-1.0.9.tgz",
					"integrity": "sha512-Cv38ROezkl6J8lizyPlEmPoAvLiRcO31OnWe/Jept0mNk7oygrPZrfG07OMfwphn+dOFxmszQTns7AJRQfxMBA==",
					"dev": true,
					"requires": {
						"@manifoldxyz/libraries-solidity": "^1.0.2",
						"@openzeppelin/contracts": "^4.3.2",
						"@openzeppelin/contracts-upgradeable": "^4.3.2"
					}
				},
				"@openzeppelin/contracts": {
					"version": "4.7.2",
					"resolved": "https://registry.npmjs.org/@openzeppelin/contracts/-/contracts-4.7.2.tgz",
					"integrity": "sha512-4n/JL9izql8303mPqPdubuna/DWEMbmOzWYUWyCPhjhiEr2w3nQrjE7vZz1fBF+wzzP6dZbIcsgqACk53c9FGA==",
					"dev": true
				},
				"@openzeppelin/contracts-upgradeable": {
					"version": "4.7.2",
					"resolved": "https://registry.npmjs.org/@openzeppelin/contracts-upgradeable/-/contracts-upgradeable-4.7.2.tgz",
					"integrity": "sha512-3dgc6qVmFch/uOmlmKnw5/v3JxwXcZD4T10/9CI1OUbX8AqjoZrBGKfxN1z3QxnIXRU/X31/BItJezJSDDTe7Q==",
					"dev": true
				},
				"erc721a": {
					"version": "4.2.0",
					"resolved": "https://registry.npmjs.org/erc721a/-/erc721a-4.2.0.tgz",
					"integrity": "sha512-b3MCLFMKQ+gVlRr7BUP6p4li5+ujbVZR6bSdOPtwZ6+9gAgYxXxHp0yaUPPvFpVQQVdlU8/LKQmGrrPhESGwWg==",
					"dev": true
				}
			}
		},
		"flair-contracts-v1.15": {
			"version": "npm:@0xflair/evm-contracts@1.15.1",
			"resolved": "https://registry.npmjs.org/@0xflair/evm-contracts/-/evm-contracts-1.15.1.tgz",
			"integrity": "sha512-puMs2Lf+1mK/NnE7SvTzBUgeUjoj7GJy1M4W8dY/QRVobupMkeJhTSnYcAsimZtb7U3Q6I1sL/DM6OW7LgphTA==",
			"dev": true,
			"requires": {
				"@manifoldxyz/royalty-registry-solidity": "^1.0.9",
				"@openzeppelin/contracts": "^4.6.0",
				"erc721a": "^4.1.0"
			},
			"dependencies": {
				"@manifoldxyz/libraries-solidity": {
					"version": "1.0.2",
					"resolved": "https://registry.npmjs.org/@manifoldxyz/libraries-solidity/-/libraries-solidity-1.0.2.tgz",
					"integrity": "sha512-qdCLBD5CicgT6UtDB1fED1kpJfgDqIB6WahtsfZ23ha/nYEBXKHJZ1urIHaIeCOdw8cTi6fMQbQWrld4V1S7dQ==",
					"dev": true,
					"requires": {
						"@openzeppelin/contracts": "^4.2.0",
						"@openzeppelin/contracts-upgradeable": "^4.2.0"
					}
				},
				"@manifoldxyz/royalty-registry-solidity": {
					"version": "1.0.9",
					"resolved": "https://registry.npmjs.org/@manifoldxyz/royalty-registry-solidity/-/royalty-registry-solidity-1.0.9.tgz",
					"integrity": "sha512-Cv38ROezkl6J8lizyPlEmPoAvLiRcO31OnWe/Jept0mNk7oygrPZrfG07OMfwphn+dOFxmszQTns7AJRQfxMBA==",
					"dev": true,
					"requires": {
						"@manifoldxyz/libraries-solidity": "^1.0.2",
						"@openzeppelin/contracts": "^4.3.2",
						"@openzeppelin/contracts-upgradeable": "^4.3.2"
					}
				},
				"@openzeppelin/contracts": {
					"version": "4.7.2",
					"resolved": "https://registry.npmjs.org/@openzeppelin/contracts/-/contracts-4.7.2.tgz",
					"integrity": "sha512-4n/JL9izql8303mPqPdubuna/DWEMbmOzWYUWyCPhjhiEr2w3nQrjE7vZz1fBF+wzzP6dZbIcsgqACk53c9FGA==",
					"dev": true
				},
				"@openzeppelin/contracts-upgradeable": {
					"version": "4.7.2",
					"resolved": "https://registry.npmjs.org/@openzeppelin/contracts-upgradeable/-/contracts-upgradeable-4.7.2.tgz",
					"integrity": "sha512-3dgc6qVmFch/uOmlmKnw5/v3JxwXcZD4T10/9CI1OUbX8AqjoZrBGKfxN1z3QxnIXRU/X31/BItJezJSDDTe7Q==",
					"dev": true
				},
				"erc721a": {
					"version": "4.2.0",
					"resolved": "https://registry.npmjs.org/erc721a/-/erc721a-4.2.0.tgz",
					"integrity": "sha512-b3MCLFMKQ+gVlRr7BUP6p4li5+ujbVZR6bSdOPtwZ6+9gAgYxXxHp0yaUPPvFpVQQVdlU8/LKQmGrrPhESGwWg==",
					"dev": true
				}
			}
		},
		"flair-contracts-v1.16": {
			"version": "npm:@0xflair/evm-contracts@1.16.14",
			"resolved": "https://registry.npmjs.org/@0xflair/evm-contracts/-/evm-contracts-1.16.14.tgz",
			"integrity": "sha512-1e0sIivCWEpagT59wiRLEiyEuViQz/0SBFTxcwWyUUzS75+5qRHDQ9vdlH3/95fBtWA04L+Nbr1i/OaFPUXwxw==",
			"dev": true,
			"requires": {
				"@manifoldxyz/royalty-registry-solidity": "^1.0.9",
				"@openzeppelin/contracts": "^4.6.0",
				"erc721a": "^4.1.0"
			},
			"dependencies": {
				"@manifoldxyz/libraries-solidity": {
					"version": "1.0.2",
					"resolved": "https://registry.npmjs.org/@manifoldxyz/libraries-solidity/-/libraries-solidity-1.0.2.tgz",
					"integrity": "sha512-qdCLBD5CicgT6UtDB1fED1kpJfgDqIB6WahtsfZ23ha/nYEBXKHJZ1urIHaIeCOdw8cTi6fMQbQWrld4V1S7dQ==",
					"dev": true,
					"requires": {
						"@openzeppelin/contracts": "^4.2.0",
						"@openzeppelin/contracts-upgradeable": "^4.2.0"
					}
				},
				"@manifoldxyz/royalty-registry-solidity": {
					"version": "1.0.9",
					"resolved": "https://registry.npmjs.org/@manifoldxyz/royalty-registry-solidity/-/royalty-registry-solidity-1.0.9.tgz",
					"integrity": "sha512-Cv38ROezkl6J8lizyPlEmPoAvLiRcO31OnWe/Jept0mNk7oygrPZrfG07OMfwphn+dOFxmszQTns7AJRQfxMBA==",
					"dev": true,
					"requires": {
						"@manifoldxyz/libraries-solidity": "^1.0.2",
						"@openzeppelin/contracts": "^4.3.2",
						"@openzeppelin/contracts-upgradeable": "^4.3.2"
					}
				},
				"@openzeppelin/contracts": {
					"version": "4.7.2",
					"resolved": "https://registry.npmjs.org/@openzeppelin/contracts/-/contracts-4.7.2.tgz",
					"integrity": "sha512-4n/JL9izql8303mPqPdubuna/DWEMbmOzWYUWyCPhjhiEr2w3nQrjE7vZz1fBF+wzzP6dZbIcsgqACk53c9FGA==",
					"dev": true
				},
				"@openzeppelin/contracts-upgradeable": {
					"version": "4.7.2",
					"resolved": "https://registry.npmjs.org/@openzeppelin/contracts-upgradeable/-/contracts-upgradeable-4.7.2.tgz",
					"integrity": "sha512-3dgc6qVmFch/uOmlmKnw5/v3JxwXcZD4T10/9CI1OUbX8AqjoZrBGKfxN1z3QxnIXRU/X31/BItJezJSDDTe7Q==",
					"dev": true
				},
				"erc721a": {
					"version": "4.2.0",
					"resolved": "https://registry.npmjs.org/erc721a/-/erc721a-4.2.0.tgz",
					"integrity": "sha512-b3MCLFMKQ+gVlRr7BUP6p4li5+ujbVZR6bSdOPtwZ6+9gAgYxXxHp0yaUPPvFpVQQVdlU8/LKQmGrrPhESGwWg==",
					"dev": true
				}
			}
		},
		"flair-contracts-v1.18": {
			"version": "npm:@0xflair/evm-contracts@1.18.8",
			"resolved": "https://registry.npmjs.org/@0xflair/evm-contracts/-/evm-contracts-1.18.8.tgz",
			"integrity": "sha512-t+6mII5ofFC2HDMnuNPF4DLNecRX2kvUxvImnCjcAk7i5i5x5ovJbNNFseUPE9YPNeExfaZ5fiSI0faUztYR3Q==",
			"dev": true,
			"requires": {
				"@manifoldxyz/royalty-registry-solidity": "^1.0.9",
				"@openzeppelin/contracts": "^4.6.0",
				"erc721a": "^4.1.0"
			},
			"dependencies": {
				"@manifoldxyz/libraries-solidity": {
					"version": "1.0.2",
					"resolved": "https://registry.npmjs.org/@manifoldxyz/libraries-solidity/-/libraries-solidity-1.0.2.tgz",
					"integrity": "sha512-qdCLBD5CicgT6UtDB1fED1kpJfgDqIB6WahtsfZ23ha/nYEBXKHJZ1urIHaIeCOdw8cTi6fMQbQWrld4V1S7dQ==",
					"dev": true,
					"requires": {
						"@openzeppelin/contracts": "^4.2.0",
						"@openzeppelin/contracts-upgradeable": "^4.2.0"
					}
				},
				"@manifoldxyz/royalty-registry-solidity": {
					"version": "1.0.9",
					"resolved": "https://registry.npmjs.org/@manifoldxyz/royalty-registry-solidity/-/royalty-registry-solidity-1.0.9.tgz",
					"integrity": "sha512-Cv38ROezkl6J8lizyPlEmPoAvLiRcO31OnWe/Jept0mNk7oygrPZrfG07OMfwphn+dOFxmszQTns7AJRQfxMBA==",
					"dev": true,
					"requires": {
						"@manifoldxyz/libraries-solidity": "^1.0.2",
						"@openzeppelin/contracts": "^4.3.2",
						"@openzeppelin/contracts-upgradeable": "^4.3.2"
					}
				},
				"@openzeppelin/contracts": {
					"version": "4.7.2",
					"resolved": "https://registry.npmjs.org/@openzeppelin/contracts/-/contracts-4.7.2.tgz",
					"integrity": "sha512-4n/JL9izql8303mPqPdubuna/DWEMbmOzWYUWyCPhjhiEr2w3nQrjE7vZz1fBF+wzzP6dZbIcsgqACk53c9FGA==",
					"dev": true
				},
				"@openzeppelin/contracts-upgradeable": {
					"version": "4.7.2",
					"resolved": "https://registry.npmjs.org/@openzeppelin/contracts-upgradeable/-/contracts-upgradeable-4.7.2.tgz",
					"integrity": "sha512-3dgc6qVmFch/uOmlmKnw5/v3JxwXcZD4T10/9CI1OUbX8AqjoZrBGKfxN1z3QxnIXRU/X31/BItJezJSDDTe7Q==",
					"dev": true
				},
				"erc721a": {
					"version": "4.2.0",
					"resolved": "https://registry.npmjs.org/erc721a/-/erc721a-4.2.0.tgz",
					"integrity": "sha512-b3MCLFMKQ+gVlRr7BUP6p4li5+ujbVZR6bSdOPtwZ6+9gAgYxXxHp0yaUPPvFpVQQVdlU8/LKQmGrrPhESGwWg==",
					"dev": true
				}
			}
		},
		"flair-contracts-v1.7": {
			"version": "npm:@0xflair/evm-contracts@1.7.7",
			"resolved": "https://registry.npmjs.org/@0xflair/evm-contracts/-/evm-contracts-1.7.7.tgz",
			"integrity": "sha512-HfllJeHuCEPqBPUg86kMJHbe1dBnlXQwQ35030ITvj2Tqa2iuT+buDDRhTY1Xip4RdFvev/TF8NFZ/8yHKSIXg==",
			"dev": true
		},
		"flair-contracts-v1.8": {
			"version": "npm:@0xflair/evm-contracts@1.8.12",
			"resolved": "https://registry.npmjs.org/@0xflair/evm-contracts/-/evm-contracts-1.8.12.tgz",
			"integrity": "sha512-4RXPfn4P1VWrhMcmKR8QdPGT+sNB02vfvtslK5BZZNQD7H2eNyEf4nO4vEFUsDCxtWIvswfQthtj9QKK8FsNZg==",
			"dev": true
		},
		"flair-contracts-v1.9": {
			"version": "npm:@0xflair/evm-contracts@1.9.2",
			"resolved": "https://registry.npmjs.org/@0xflair/evm-contracts/-/evm-contracts-1.9.2.tgz",
			"integrity": "sha512-YKzROfFdO+dHklrTIV9YABL/CiyUu5oksICgqfetGv2i/a5Hkb8+VaY6+I4fW5e+FbgXDxKDTU/TL27cQbNG5Q==",
			"dev": true,
			"requires": {
				"@manifoldxyz/royalty-registry-solidity": "^1.0.9",
				"@openzeppelin/contracts": "^4.6.0"
			},
			"dependencies": {
				"@manifoldxyz/libraries-solidity": {
					"version": "1.0.2",
					"resolved": "https://registry.npmjs.org/@manifoldxyz/libraries-solidity/-/libraries-solidity-1.0.2.tgz",
					"integrity": "sha512-qdCLBD5CicgT6UtDB1fED1kpJfgDqIB6WahtsfZ23ha/nYEBXKHJZ1urIHaIeCOdw8cTi6fMQbQWrld4V1S7dQ==",
					"dev": true,
					"requires": {
						"@openzeppelin/contracts": "^4.2.0",
						"@openzeppelin/contracts-upgradeable": "^4.2.0"
					}
				},
				"@manifoldxyz/royalty-registry-solidity": {
					"version": "1.0.9",
					"resolved": "https://registry.npmjs.org/@manifoldxyz/royalty-registry-solidity/-/royalty-registry-solidity-1.0.9.tgz",
					"integrity": "sha512-Cv38ROezkl6J8lizyPlEmPoAvLiRcO31OnWe/Jept0mNk7oygrPZrfG07OMfwphn+dOFxmszQTns7AJRQfxMBA==",
					"dev": true,
					"requires": {
						"@manifoldxyz/libraries-solidity": "^1.0.2",
						"@openzeppelin/contracts": "^4.3.2",
						"@openzeppelin/contracts-upgradeable": "^4.3.2"
					}
				},
				"@openzeppelin/contracts": {
					"version": "4.7.2",
					"resolved": "https://registry.npmjs.org/@openzeppelin/contracts/-/contracts-4.7.2.tgz",
					"integrity": "sha512-4n/JL9izql8303mPqPdubuna/DWEMbmOzWYUWyCPhjhiEr2w3nQrjE7vZz1fBF+wzzP6dZbIcsgqACk53c9FGA==",
					"dev": true
				},
				"@openzeppelin/contracts-upgradeable": {
					"version": "4.7.2",
					"resolved": "https://registry.npmjs.org/@openzeppelin/contracts-upgradeable/-/contracts-upgradeable-4.7.2.tgz",
					"integrity": "sha512-3dgc6qVmFch/uOmlmKnw5/v3JxwXcZD4T10/9CI1OUbX8AqjoZrBGKfxN1z3QxnIXRU/X31/BItJezJSDDTe7Q==",
					"dev": true
				}
			}
		}
	}
}
