{
	"name": "@flair-sdk/react",
	"version": "2.3.3",
	"lockfileVersion": 2,
	"requires": true,
	"packages": {
		"": {
			"name": "@flair-sdk/react",
			"version": "2.0.14",
			"dependencies": {
				"@headlessui/react": "^1.7.2",
				"@tailwindcss/forms": "^0.5.3"
			},
			"peerDependencies": {
				"@flair-sdk/common": "*",
				"@flair-sdk/contracts": "*",
				"@flair-sdk/icons": "*",
				"@flair-sdk/ipfs": "*",
				"@flair-sdk/metatx": "*",
				"@flair-sdk/registry": "*",
				"@headlessui/react": "^1.7.2",
				"@heroicons/react": "^1.0.6",
				"@metamask/onboarding": "^1.0.1",
				"@tailwindcss/forms": "^0.5.3",
				"@wagmi/core": "^0.2.5",
				"axios": "^0.26.1",
				"bn.js": "*",
				"ethers": "^5.6.5",
				"humanize-duration": "^3.27.3",
				"jwt-decode": "^3.1.2",
				"lodash": "*",
				"moment": "^2.29.4",
				"prism-react-renderer": "^1.3.5",
				"react": "*",
				"react-blockies": "^1.4.1",
				"react-dom": "*",
				"react-dropzone": "^14.2.2",
				"react-modal": "^3.15.1",
				"react-query": "4.0.0-beta.9",
				"react-use": "^17.4.0",
				"tailwindcss": "^3.1.8",
				"versioning": "^1.1.2",
				"wagmi": "^0.3.5"
			}
		},
		"node_modules/@headlessui/react": {
			"version": "1.7.2",
			"resolved": "https://registry.npmjs.org/@headlessui/react/-/react-1.7.2.tgz",
			"integrity": "sha512-snLv2lxwsf2HNTOBNgHYdvoYZ3ChJE8QszPi1d/hl9js8KrFrUulTaQBfSyPbJP5BybVreWh9DxCgz9S0Z6hKQ==",
			"engines": {
				"node": ">=10"
			},
			"peerDependencies": {
				"react": "^16 || ^17 || ^18",
				"react-dom": "^16 || ^17 || ^18"
			}
		},
		"node_modules/@tailwindcss/forms": {
			"version": "0.5.3",
			"resolved": "https://registry.npmjs.org/@tailwindcss/forms/-/forms-0.5.3.tgz",
			"integrity": "sha512-y5mb86JUoiUgBjY/o6FJSFZSEttfb3Q5gllE4xoKjAAD+vBrnIhE4dViwUuow3va8mpH4s9jyUbUbrRGoRdc2Q==",
			"dependencies": {
				"mini-svg-data-uri": "^1.2.3"
			},
			"peerDependencies": {
				"tailwindcss": ">=3.0.0 || >= 3.0.0-alpha.1"
			}
		},
		"node_modules/@tailwindcss/forms/node_modules/mini-svg-data-uri": {
			"version": "1.4.4",
			"resolved": "https://registry.npmjs.org/mini-svg-data-uri/-/mini-svg-data-uri-1.4.4.tgz",
			"integrity": "sha512-r9deDe9p5FJUPZAk3A59wGH7Ii9YrjjWw0jmw/liSbHl2CHiyXj6FcDXDu2K3TjVAXqiJdaw3xxwlZZr9E6nHg==",
			"bin": {
				"mini-svg-data-uri": "cli.js"
			}
		}
	},
	"dependencies": {
		"@headlessui/react": {
			"version": "1.7.2",
			"resolved": "https://registry.npmjs.org/@headlessui/react/-/react-1.7.2.tgz",
			"integrity": "sha512-snLv2lxwsf2HNTOBNgHYdvoYZ3ChJE8QszPi1d/hl9js8KrFrUulTaQBfSyPbJP5BybVreWh9DxCgz9S0Z6hKQ=="
		},
		"@tailwindcss/forms": {
			"version": "0.5.3",
			"resolved": "https://registry.npmjs.org/@tailwindcss/forms/-/forms-0.5.3.tgz",
			"integrity": "sha512-y5mb86JUoiUgBjY/o6FJSFZSEttfb3Q5gllE4xoKjAAD+vBrnIhE4dViwUuow3va8mpH4s9jyUbUbrRGoRdc2Q==",
			"requires": {
				"mini-svg-data-uri": "^1.2.3"
			},
			"dependencies": {
				"mini-svg-data-uri": {
					"version": "1.4.4",
					"resolved": "https://registry.npmjs.org/mini-svg-data-uri/-/mini-svg-data-uri-1.4.4.tgz",
					"integrity": "sha512-r9deDe9p5FJUPZAk3A59wGH7Ii9YrjjWw0jmw/liSbHl2CHiyXj6FcDXDu2K3TjVAXqiJdaw3xxwlZZr9E6nHg=="
				}
			}
		}
	}
}
