{
	"name": "@flair-sdk/react",
	"version": "2.30.0",
	"lockfileVersion": 2,
	"requires": true,
	"packages": {
		"": {
			"name": "@flair-sdk/react",
			"version": "2.22.0",
			"license": "MIT",
			"dependencies": {
				"@headlessui/react": "^1.7.2",
				"@tailwindcss/forms": "^0.5.3"
			},
			"peerDependencies": {
				"@flair-sdk/common": "*",
				"@flair-sdk/icons": "*",
				"@flair-sdk/ipfs": "*",
				"@flair-sdk/metatx": "*",
				"@flair-sdk/registry": "*",
				"@headlessui/react": "*",
				"@heroicons/react": "*",
				"@metamask/onboarding": "*",
				"@tailwindcss/forms": "*",
				"@tanstack/query-core": "*",
				"@tanstack/query-sync-storage-persister": "*",
				"@tanstack/react-query": "*",
				"@tanstack/react-query-persist-client": "*",
				"@wagmi/core": "*",
				"axios": "*",
				"bn.js": "*",
				"ethers": "*",
				"humanize-duration": "*",
				"jwt-decode": "*",
				"lodash": "*",
				"moment": "*",
				"prism-react-renderer": "*",
				"react": "*",
				"react-blockies": "*",
				"react-dom": "*",
				"react-dropzone": "*",
				"react-modal": "*",
				"react-use": "*",
				"tailwindcss": "*",
				"versioning": "*",
				"wagmi": "*"
			},
			"peerDependenciesMeta": {
				"@flair-sdk/common": {
					"optional": true
				},
				"@flair-sdk/icons": {
					"optional": true
				},
				"@flair-sdk/ipfs": {
					"optional": true
				},
				"@flair-sdk/metatx": {
					"optional": true
				},
				"@flair-sdk/registry": {
					"optional": true
				},
				"@headlessui/react": {
					"optional": true
				},
				"@heroicons/react": {
					"optional": true
				},
				"@metamask/onboarding": {
					"optional": true
				},
				"@tailwindcss/forms": {
					"optional": true
				},
				"@tanstack/query-core": {
					"optional": true
				},
				"@tanstack/react-query": {
					"optional": true
				},
				"@tanstack/react-query-persist-client": {
					"optional": true
				},
				"@wagmi/core": {
					"optional": true
				},
				"axios": {
					"optional": true
				},
				"bn.js": {
					"optional": true
				},
				"ethers": {
					"optional": true
				},
				"humanize-duration": {
					"optional": true
				},
				"jwt-decode": {
					"optional": true
				},
				"lodash": {
					"optional": true
				},
				"moment": {
					"optional": true
				},
				"prism-react-renderer": {
					"optional": true
				},
				"react": {
					"optional": true
				},
				"react-blockies": {
					"optional": true
				},
				"react-dom": {
					"optional": true
				},
				"react-dropzone": {
					"optional": true
				},
				"react-modal": {
					"optional": true
				},
				"react-use": {
					"optional": true
				},
				"tailwindcss": {
					"optional": true
				},
				"versioning": {
					"optional": true
				},
				"wagmi": {
					"optional": true
				}
			}
		},
		"node_modules/@headlessui/react": {
			"version": "1.7.3",
			"resolved": "https://registry.npmjs.org/@headlessui/react/-/react-1.7.3.tgz",
			"integrity": "sha512-LGp06SrGv7BMaIQlTs8s2G06moqkI0cb0b8stgq7KZ3xcHdH3qMP+cRyV7qe5x4XEW/IGY48BW4fLesD6NQLng==",
			"engines": {
				"node": ">=10"
			},
			"peerDependencies": {
				"react": "^16 || ^17 || ^18",
				"react-dom": "^16 || ^17 || ^18"
			}
		},
		"node_modules/@tailwindcss/forms": {
			"version": "0.5.3",
			"resolved": "https://registry.npmjs.org/@tailwindcss/forms/-/forms-0.5.3.tgz",
			"integrity": "sha512-y5mb86JUoiUgBjY/o6FJSFZSEttfb3Q5gllE4xoKjAAD+vBrnIhE4dViwUuow3va8mpH4s9jyUbUbrRGoRdc2Q==",
			"dependencies": {
				"mini-svg-data-uri": "^1.2.3"
			},
			"peerDependencies": {
				"tailwindcss": ">=3.0.0 || >= 3.0.0-alpha.1"
			}
		},
		"node_modules/@tailwindcss/forms/node_modules/mini-svg-data-uri": {
			"version": "1.4.4",
			"resolved": "https://registry.npmjs.org/mini-svg-data-uri/-/mini-svg-data-uri-1.4.4.tgz",
			"integrity": "sha512-r9deDe9p5FJUPZAk3A59wGH7Ii9YrjjWw0jmw/liSbHl2CHiyXj6FcDXDu2K3TjVAXqiJdaw3xxwlZZr9E6nHg==",
			"bin": {
				"mini-svg-data-uri": "cli.js"
			}
		},
		"node_modules/@tanstack/query-sync-storage-persister": {
			"version": "4.10.1",
			"resolved": "https://registry.npmjs.org/@tanstack/query-sync-storage-persister/-/query-sync-storage-persister-4.10.1.tgz",
			"integrity": "sha512-Qe5fnnP+wUf2FEIk9EOXD6uOZ49Mo6tNykPXuyMkx4aq6KYkxUb8SS3AgIcjJKb0VPlMixdrJqpM0YHig7Ho5g==",
			"peer": true,
			"dependencies": {
				"@tanstack/query-persist-client-core": "4.10.1"
			},
			"funding": {
				"type": "github",
				"url": "https://github.com/sponsors/tannerlinsley"
			}
		},
		"node_modules/@tanstack/query-sync-storage-persister/node_modules/@tanstack/query-core": {
			"version": "4.10.1",
			"resolved": "https://registry.npmjs.org/@tanstack/query-core/-/query-core-4.10.1.tgz",
			"integrity": "sha512-UZRYzjgQSfYhQ+cJX0CspAbzutf8p93gR1xFjQuH3OYcb/7t3WnHkdb/qC9mbqrfWXN/JAbBTJlTU/XQHc5HbA==",
			"peer": true,
			"funding": {
				"type": "github",
				"url": "https://github.com/sponsors/tannerlinsley"
			}
		},
		"node_modules/@tanstack/query-sync-storage-persister/node_modules/@tanstack/query-persist-client-core": {
			"version": "4.10.1",
			"resolved": "https://registry.npmjs.org/@tanstack/query-persist-client-core/-/query-persist-client-core-4.10.1.tgz",
			"integrity": "sha512-WVU3Iz396SS1Kc/DJxLrtNMxobV/5u5ej96zXZFZ6y25Z4S0NXvqvXx/DC/hfPXkOkq7l6O6AQ9O4zmvRdEsfA==",
			"peer": true,
			"funding": {
				"type": "github",
				"url": "https://github.com/sponsors/tannerlinsley"
			},
			"peerDependencies": {
				"@tanstack/query-core": "4.10.1"
			}
		}
	},
	"dependencies": {
		"@headlessui/react": {
			"version": "1.7.3",
			"resolved": "https://registry.npmjs.org/@headlessui/react/-/react-1.7.3.tgz",
			"integrity": "sha512-LGp06SrGv7BMaIQlTs8s2G06moqkI0cb0b8stgq7KZ3xcHdH3qMP+cRyV7qe5x4XEW/IGY48BW4fLesD6NQLng==",
			"requires": {}
		},
		"@tailwindcss/forms": {
			"version": "0.5.3",
			"resolved": "https://registry.npmjs.org/@tailwindcss/forms/-/forms-0.5.3.tgz",
			"integrity": "sha512-y5mb86JUoiUgBjY/o6FJSFZSEttfb3Q5gllE4xoKjAAD+vBrnIhE4dViwUuow3va8mpH4s9jyUbUbrRGoRdc2Q==",
			"requires": {
				"mini-svg-data-uri": "^1.2.3"
			},
			"dependencies": {
				"mini-svg-data-uri": {
					"version": "1.4.4",
					"resolved": "https://registry.npmjs.org/mini-svg-data-uri/-/mini-svg-data-uri-1.4.4.tgz",
					"integrity": "sha512-r9deDe9p5FJUPZAk3A59wGH7Ii9YrjjWw0jmw/liSbHl2CHiyXj6FcDXDu2K3TjVAXqiJdaw3xxwlZZr9E6nHg=="
				}
			}
		},
		"@tanstack/query-sync-storage-persister": {
			"version": "4.10.1",
			"resolved": "https://registry.npmjs.org/@tanstack/query-sync-storage-persister/-/query-sync-storage-persister-4.10.1.tgz",
			"integrity": "sha512-Qe5fnnP+wUf2FEIk9EOXD6uOZ49Mo6tNykPXuyMkx4aq6KYkxUb8SS3AgIcjJKb0VPlMixdrJqpM0YHig7Ho5g==",
			"peer": true,
			"requires": {
				"@tanstack/query-persist-client-core": "4.10.1"
			},
			"dependencies": {
				"@tanstack/query-core": {
					"version": "4.10.1",
					"resolved": "https://registry.npmjs.org/@tanstack/query-core/-/query-core-4.10.1.tgz",
					"integrity": "sha512-UZRYzjgQSfYhQ+cJX0CspAbzutf8p93gR1xFjQuH3OYcb/7t3WnHkdb/qC9mbqrfWXN/JAbBTJlTU/XQHc5HbA==",
					"peer": true
				},
				"@tanstack/query-persist-client-core": {
					"version": "4.10.1",
					"resolved": "https://registry.npmjs.org/@tanstack/query-persist-client-core/-/query-persist-client-core-4.10.1.tgz",
					"integrity": "sha512-WVU3Iz396SS1Kc/DJxLrtNMxobV/5u5ej96zXZFZ6y25Z4S0NXvqvXx/DC/hfPXkOkq7l6O6AQ9O4zmvRdEsfA==",
					"peer": true,
					"requires": {}
				}
			}
		}
	}
}
