{
	"name": "@flair-sdk/stories",
	"version": "2.12.6",
	"lockfileVersion": 2,
	"requires": true,
	"packages": {
		"": {
			"name": "@flair-sdk/stories",
			"version": "2.9.3",
			"dependencies": {
				"@types/react": "^18.0.10",
				"@types/react-dom": "^18.0.5"
			}
		},
		"../packages/common": {
			"name": "@flair-sdk/common",
			"version": "2.0.0",
			"extraneous": true,
			"dependencies": {
				"@everipedia/wagmi-magic-connector": "^0.3.9",
				"@gnosis.pm/safe-apps-provider": "^0.13.1",
				"@gnosis.pm/safe-apps-sdk": "^7.8.0",
				"@wagmi/core": "^0.2.5",
				"ethers": "^5.6.5",
				"wagmi": "^0.3.5"
			},
			"peerDependencies": {
				"@ethersproject/providers": "*",
				"@everipedia/wagmi-magic-connector": "*",
				"@gnosis.pm/safe-apps-provider": "*",
				"@gnosis.pm/safe-apps-sdk": "*",
				"@wagmi/core": "*",
				"ethers": "*",
				"wagmi": "*"
			}
		},
		"../packages/contracts-registry": {
			"name": "@flair-sdk/contracts-registry",
			"version": "2.0.0",
			"extraneous": true,
			"dependencies": {
				"flair-contracts-v1": "npm:@0xflair/evm-contracts@1.*",
				"flair-contracts-v2": "npm:@flair-sdk/contracts@2.*"
			},
			"peerDependencies": {
				"ethers": "^5.6.5"
			}
		},
		"../packages/ipfs": {
			"name": "@flair-sdk/ipfs",
			"version": "2.0.0",
			"extraneous": true,
			"dependencies": {
				"axios": "^0.26.1",
				"ethers": "^5.6.5"
			},
			"peerDependencies": {
				"@flair-sdk/common": "0.*",
				"axios": "^0.26.1",
				"ethers": "^5.6.5"
			}
		},
		"../packages/meta-transactions": {
			"name": "@flair-sdk/meta-transactions",
			"version": "2.0.0",
			"extraneous": true,
			"dependencies": {
				"axios": "^0.26.1",
				"ethers": "^5.6.5",
				"randombytes": "^2.1.0",
				"utility-types": "^3.10.0"
			},
			"devDependencies": {
				"@types/randombytes": "^2.0.0"
			},
			"peerDependencies": {
				"@flair-sdk/common": "0.*",
				"@flair-sdk/contracts-registry": "0.*",
				"axios": "^0.26.1",
				"ethers": "^5.6.5",
				"randombytes": "^2.1.0"
			}
		},
		"../packages/react": {
			"name": "@flair-sdk/react",
			"version": "2.0.0",
			"extraneous": true,
			"dependencies": {
				"@flair-sdk/contracts": "^2.0.0",
				"@wagmi/core": "^0.2.5",
				"axios": "^0.26.1",
				"ethers": "^5.6.5",
				"react-blockies": "^1.4.1",
				"react-use": "^17.4.0",
				"versioning": "^1.1.2",
				"wagmi": "^0.3.5"
			},
			"devDependencies": {
				"@types/react": "^18.0.10",
				"@types/react-dom": "^18.0.5"
			},
			"peerDependencies": {
				"@wagmi/core": "^0.2.5",
				"axios": "^0.26.1",
				"ethers": "^5.6.5",
				"react": "^16 || ^17 || ^18",
				"react-dom": "^16 || ^17 || ^18",
				"react-query": "*",
				"versioning": "^1.1.2",
				"wagmi": "^0.3.5"
			}
		},
		"../packages/react-icons": {
			"name": "@flair-sdk/icons",
			"version": "2.0.0",
			"extraneous": true,
			"devDependencies": {
				"@svgr/cli": "^6.2.1",
				"@types/react": "^18.0.10",
				"@types/react-dom": "^18.0.5"
			},
			"peerDependencies": {
				"react": "^16 || ^17 || ^18",
				"react-dom": "^16 || ^17 || ^18"
			}
		},
		"node_modules/@types/prop-types": {
			"version": "15.7.5",
			"resolved": "https://registry.npmjs.org/@types/prop-types/-/prop-types-15.7.5.tgz",
			"integrity": "sha512-JCB8C6SnDoQf0cNycqd/35A7MjcnK+ZTqE7judS6o7utxUCg6imJg3QK2qzHKszlTjcj2cn+NwMB2i96ubpj7w=="
		},
		"node_modules/@types/react": {
			"version": "18.0.20",
			"resolved": "https://registry.npmjs.org/@types/react/-/react-18.0.20.tgz",
			"integrity": "sha512-MWul1teSPxujEHVwZl4a5HxQ9vVNsjTchVA+xRqv/VYGCuKGAU6UhfrTdF5aBefwD1BHUD8i/zq+O/vyCm/FrA==",
			"dependencies": {
				"@types/prop-types": "*",
				"@types/scheduler": "*",
				"csstype": "^3.0.2"
			}
		},
		"node_modules/@types/react-dom": {
			"version": "18.0.6",
			"resolved": "https://registry.npmjs.org/@types/react-dom/-/react-dom-18.0.6.tgz",
			"integrity": "sha512-/5OFZgfIPSwy+YuIBP/FgJnQnsxhZhjjrnxudMddeblOouIodEQ75X14Rr4wGSG/bknL+Omy9iWlLo1u/9GzAA==",
			"dependencies": {
				"@types/react": "*"
			}
		},
		"node_modules/@types/scheduler": {
			"version": "0.16.2",
			"resolved": "https://registry.npmjs.org/@types/scheduler/-/scheduler-0.16.2.tgz",
			"integrity": "sha512-hppQEBDmlwhFAXKJX2KnWLYu5yMfi91yazPb2l+lbJiwW+wdo1gNeRA+3RgNSO39WYX2euey41KEwnqesU2Jew=="
		},
		"node_modules/csstype": {
			"version": "3.1.1",
			"resolved": "https://registry.npmjs.org/csstype/-/csstype-3.1.1.tgz",
			"integrity": "sha512-DJR/VvkAvSZW9bTouZue2sSxDwdTN92uHjqeKVm+0dAqdfNykRzQ95tay8aXMBAAPpUiq4Qcug2L7neoRh2Egw=="
		}
	},
	"dependencies": {
		"@types/prop-types": {
			"version": "15.7.5",
			"resolved": "https://registry.npmjs.org/@types/prop-types/-/prop-types-15.7.5.tgz",
			"integrity": "sha512-JCB8C6SnDoQf0cNycqd/35A7MjcnK+ZTqE7judS6o7utxUCg6imJg3QK2qzHKszlTjcj2cn+NwMB2i96ubpj7w=="
		},
		"@types/react": {
			"version": "18.0.20",
			"resolved": "https://registry.npmjs.org/@types/react/-/react-18.0.20.tgz",
			"integrity": "sha512-MWul1teSPxujEHVwZl4a5HxQ9vVNsjTchVA+xRqv/VYGCuKGAU6UhfrTdF5aBefwD1BHUD8i/zq+O/vyCm/FrA==",
			"requires": {
				"@types/prop-types": "*",
				"@types/scheduler": "*",
				"csstype": "^3.0.2"
			}
		},
		"@types/react-dom": {
			"version": "18.0.6",
			"resolved": "https://registry.npmjs.org/@types/react-dom/-/react-dom-18.0.6.tgz",
			"integrity": "sha512-/5OFZgfIPSwy+YuIBP/FgJnQnsxhZhjjrnxudMddeblOouIodEQ75X14Rr4wGSG/bknL+Omy9iWlLo1u/9GzAA==",
			"requires": {
				"@types/react": "*"
			}
		},
		"@types/scheduler": {
			"version": "0.16.2",
			"resolved": "https://registry.npmjs.org/@types/scheduler/-/scheduler-0.16.2.tgz",
			"integrity": "sha512-hppQEBDmlwhFAXKJX2KnWLYu5yMfi91yazPb2l+lbJiwW+wdo1gNeRA+3RgNSO39WYX2euey41KEwnqesU2Jew=="
		},
		"csstype": {
			"version": "3.1.1",
			"resolved": "https://registry.npmjs.org/csstype/-/csstype-3.1.1.tgz",
			"integrity": "sha512-DJR/VvkAvSZW9bTouZue2sSxDwdTN92uHjqeKVm+0dAqdfNykRzQ95tay8aXMBAAPpUiq4Qcug2L7neoRh2Egw=="
		}
	}
}
